
Microsoft Visual Studio Solution File, Format Version 12.00
# Visual Studio Version 17
VisualStudioVersion = 17.14.36119.2 d17.14
MinimumVisualStudioVersion = 10.0.40219.1
Project("{FAE04EC0-301F-11D3-BF4B-00C04F79EFBC}") = "Progreso2Masin", "Progreso2Masin\Progreso2Masin.csproj", "{846C08FF-8C0F-402A-810B-5AF14CC2BF15}"
EndProject
Global
	GlobalSection(SolutionConfigurationPlatforms) = preSolution
		Debug|Any CPU = Debug|Any CPU
		Release|Any CPU = Release|Any CPU
	EndGlobalSection
	GlobalSection(ProjectConfigurationPlatforms) = postSolution
		{846C08FF-8C0F-402A-810B-5AF14CC2BF15}.Debug|Any CPU.ActiveCfg = Debug|Any CPU
		{846C08FF-8C0F-402A-810B-5AF14CC2BF15}.Debug|Any CPU.Build.0 = Debug|Any CPU
		{846C08FF-8C0F-402A-810B-5AF14CC2BF15}.Release|Any CPU.ActiveCfg = Release|Any CPU
		{846C08FF-8C0F-402A-810B-5AF14CC2BF15}.Release|Any CPU.Build.0 = Release|Any CPU
	EndGlobalSection
	GlobalSection(SolutionProperties) = preSolution
		HideSolutionNode = FALSE
	EndGlobalSection
	GlobalSection(ExtensibilityGlobals) = postSolution
		SolutionGuid = {EB8E556A-9CB3-4BFA-BE34-F7C8EC653F0C}
	EndGlobalSection
EndGlobal
